// !$*UTF8*$!
{
	archiveVersion = 1;
	classes = {
	};
	objectVersion = 46;
	objects = {

/* Begin PBXBuildFile section */
		281B558B1AC5821A002622ED /* main.m in Sources */ = {isa = PBXBuildFile; fileRef = 281B558A1AC5821A002622ED /* main.m */; };
		281B558E1AC5821A002622ED /* AppDelegate.m in Sources */ = {isa = PBXBuildFile; fileRef = 281B558D1AC5821A002622ED /* AppDelegate.m */; };
		281B55911AC5821A002622ED /* InitialViewController.m in Sources */ = {isa = PBXBuildFile; fileRef = 281B55901AC5821A002622ED /* InitialViewController.m */; };
		281B55941AC5821A002622ED /* HistoryViewController.m in Sources */ = {isa = PBXBuildFile; fileRef = 281B55931AC5821A002622ED /* HistoryViewController.m */; };
		281B55971AC5821A002622ED /* Main.storyboard in Resources */ = {isa = PBXBuildFile; fileRef = 281B55951AC5821A002622ED /* Main.storyboard */; };
		281B55991AC5821A002622ED /* Images.xcassets in Resources */ = {isa = PBXBuildFile; fileRef = 281B55981AC5821A002622ED /* Images.xcassets */; };
		281B559C1AC5821A002622ED /* LaunchScreen.xib in Resources */ = {isa = PBXBuildFile; fileRef = 281B559A1AC5821A002622ED /* LaunchScreen.xib */; };
		281B55A81AC5821A002622ED /* SnakeTests.m in Sources */ = {isa = PBXBuildFile; fileRef = 281B55A71AC5821A002622ED /* SnakeTests.m */; };
		281B55B31AC5920A002622ED /* ConfigurationViewController.m in Sources */ = {isa = PBXBuildFile; fileRef = 281B55B21AC5920A002622ED /* ConfigurationViewController.m */; };
		281B55B61AC59520002622ED /* ConnectViewController.m in Sources */ = {isa = PBXBuildFile; fileRef = 281B55B51AC59520002622ED /* ConnectViewController.m */; };
		281B55B91AC59818002622ED /* MCController.m in Sources */ = {isa = PBXBuildFile; fileRef = 281B55B81AC59818002622ED /* MCController.m */; };
/* End PBXBuildFile section */

/* Begin PBXContainerItemProxy section */
		281B55A21AC5821A002622ED /* PBXContainerItemProxy */ = {
			isa = PBXContainerItemProxy;
			containerPortal = 281B557D1AC5821A002622ED /* Project object */;
			proxyType = 1;
			remoteGlobalIDString = 281B55841AC5821A002622ED;
			remoteInfo = Snake;
		};
/* End PBXContainerItemProxy section */

/* Begin PBXFileReference section */
		281B55851AC5821A002622ED /* Snake.app */ = {isa = PBXFileReference; explicitFileType = wrapper.application; includeInIndex = 0; path = Snake.app; sourceTree = BUILT_PRODUCTS_DIR; };
		281B55891AC5821A002622ED /* Info.plist */ = {isa = PBXFileReference; lastKnownFileType = text.plist.xml; path = Info.plist; sourceTree = "<group>"; };
		281B558A1AC5821A002622ED /* main.m */ = {isa = PBXFileReference; lastKnownFileType = sourcecode.c.objc; path = main.m; sourceTree = "<group>"; };
		281B558C1AC5821A002622ED /* AppDelegate.h */ = {isa = PBXFileReference; lastKnownFileType = sourcecode.c.h; path = AppDelegate.h; sourceTree = "<group>"; };
		281B558D1AC5821A002622ED /* AppDelegate.m */ = {isa = PBXFileReference; lastKnownFileType = sourcecode.c.objc; path = AppDelegate.m; sourceTree = "<group>"; };
		281B558F1AC5821A002622ED /* InitialViewController.h */ = {isa = PBXFileReference; lastKnownFileType = sourcecode.c.h; path = InitialViewController.h; sourceTree = "<group>"; };
		281B55901AC5821A002622ED /* InitialViewController.m */ = {isa = PBXFileReference; lastKnownFileType = sourcecode.c.objc; path = InitialViewController.m; sourceTree = "<group>"; };
		281B55921AC5821A002622ED /* HistoryViewController.h */ = {isa = PBXFileReference; lastKnownFileType = sourcecode.c.h; path = HistoryViewController.h; sourceTree = "<group>"; };
		281B55931AC5821A002622ED /* HistoryViewController.m */ = {isa = PBXFileReference; lastKnownFileType = sourcecode.c.objc; path = HistoryViewController.m; sourceTree = "<group>"; };
		281B55961AC5821A002622ED /* Base */ = {isa = PBXFileReference; lastKnownFileType = file.storyboard; name = Base; path = Base.lproj/Main.storyboard; sourceTree = "<group>"; };
		281B55981AC5821A002622ED /* Images.xcassets */ = {isa = PBXFileReference; lastKnownFileType = folder.assetcatalog; path = Images.xcassets; sourceTree = "<group>"; };
		281B559B1AC5821A002622ED /* Base */ = {isa = PBXFileReference; lastKnownFileType = file.xib; name = Base; path = Base.lproj/LaunchScreen.xib; sourceTree = "<group>"; };
		281B55A11AC5821A002622ED /* SnakeTests.xctest */ = {isa = PBXFileReference; explicitFileType = wrapper.cfbundle; includeInIndex = 0; path = SnakeTests.xctest; sourceTree = BUILT_PRODUCTS_DIR; };
		281B55A61AC5821A002622ED /* Info.plist */ = {isa = PBXFileReference; lastKnownFileType = text.plist.xml; path = Info.plist; sourceTree = "<group>"; };
		281B55A71AC5821A002622ED /* SnakeTests.m */ = {isa = PBXFileReference; lastKnownFileType = sourcecode.c.objc; path = SnakeTests.m; sourceTree = "<group>"; };
		281B55B11AC5920A002622ED /* ConfigurationViewController.h */ = {isa = PBXFileReference; fileEncoding = 4; lastKnownFileType = sourcecode.c.h; path = ConfigurationViewController.h; sourceTree = "<group>"; };
		281B55B21AC5920A002622ED /* ConfigurationViewController.m */ = {isa = PBXFileReference; fileEncoding = 4; lastKnownFileType = sourcecode.c.objc; path = ConfigurationViewController.m; sourceTree = "<group>"; };
		281B55B41AC59520002622ED /* ConnectViewController.h */ = {isa = PBXFileReference; fileEncoding = 4; lastKnownFileType = sourcecode.c.h; path = ConnectViewController.h; sourceTree = "<group>"; };
		281B55B51AC59520002622ED /* ConnectViewController.m */ = {isa = PBXFileReference; fileEncoding = 4; lastKnownFileType = sourcecode.c.objc; path = ConnectViewController.m; sourceTree = "<group>"; };
		281B55B71AC59818002622ED /* MCController.h */ = {isa = PBXFileReference; fileEncoding = 4; lastKnownFileType = sourcecode.c.h; path = MCController.h; sourceTree = "<group>"; };
		281B55B81AC59818002622ED /* MCController.m */ = {isa = PBXFileReference; fileEncoding = 4; lastKnownFileType = sourcecode.c.objc; path = MCController.m; sourceTree = "<group>"; };
/* End PBXFileReference section */

/* Begin PBXFrameworksBuildPhase section */
		281B55821AC5821A002622ED /* Frameworks */ = {
			isa = PBXFrameworksBuildPhase;
			buildActionMask = 2147483647;
			files = (
			);
			runOnlyForDeploymentPostprocessing = 0;
		};
		281B559E1AC5821A002622ED /* Frameworks */ = {
			isa = PBXFrameworksBuildPhase;
			buildActionMask = 2147483647;
			files = (
			);
			runOnlyForDeploymentPostprocessing = 0;
		};
/* End PBXFrameworksBuildPhase section */

/* Begin PBXGroup section */
		281B557C1AC5821A002622ED = {
			isa = PBXGroup;
			children = (
				281B55871AC5821A002622ED /* Snake */,
				281B55A41AC5821A002622ED /* SnakeTests */,
				281B55861AC5821A002622ED /* Products */,
			);
			sourceTree = "<group>";
		};
		281B55861AC5821A002622ED /* Products */ = {
			isa = PBXGroup;
			children = (
				281B55851AC5821A002622ED /* Snake.app */,
				281B55A11AC5821A002622ED /* SnakeTests.xctest */,
			);
			name = Products;
			sourceTree = "<group>";
		};
		281B55871AC5821A002622ED /* Snake */ = {
			isa = PBXGroup;
			children = (
				281B558C1AC5821A002622ED /* AppDelegate.h */,
				281B558D1AC5821A002622ED /* AppDelegate.m */,
				281B558F1AC5821A002622ED /* InitialViewController.h */,
				281B55901AC5821A002622ED /* InitialViewController.m */,
				281B55921AC5821A002622ED /* HistoryViewController.h */,
				281B55931AC5821A002622ED /* HistoryViewController.m */,
				281B55951AC5821A002622ED /* Main.storyboard */,
				281B55B41AC59520002622ED /* ConnectViewController.h */,
				281B55B51AC59520002622ED /* ConnectViewController.m */,
				281B55B71AC59818002622ED /* MCController.h */,
				281B55B81AC59818002622ED /* MCController.m */,
				281B55B11AC5920A002622ED /* ConfigurationViewController.h */,
				281B55B21AC5920A002622ED /* ConfigurationViewController.m */,
				281B55981AC5821A002622ED /* Images.xcassets */,
				281B559A1AC5821A002622ED /* LaunchScreen.xib */,
				281B55881AC5821A002622ED /* Supporting Files */,
			);
			path = Snake;
			sourceTree = "<group>";
		};
		281B55881AC5821A002622ED /* Supporting Files */ = {
			isa = PBXGroup;
			children = (
				281B55891AC5821A002622ED /* Info.plist */,
				281B558A1AC5821A002622ED /* main.m */,
			);
			name = "Supporting Files";
			sourceTree = "<group>";
		};
		281B55A41AC5821A002622ED /* SnakeTests */ = {
			isa = PBXGroup;
			children = (
				281B55A71AC5821A002622ED /* SnakeTests.m */,
				281B55A51AC5821A002622ED /* Supporting Files */,
			);
			path = SnakeTests;
			sourceTree = "<group>";
		};
		281B55A51AC5821A002622ED /* Supporting Files */ = {
			isa = PBXGroup;
			children = (
				281B55A61AC5821A002622ED /* Info.plist */,
			);
			name = "Supporting Files";
			sourceTree = "<group>";
		};
/* End PBXGroup section */

/* Begin PBXNativeTarget section */
		281B55841AC5821A002622ED /* Snake */ = {
			isa = PBXNativeTarget;
			buildConfigurationList = 281B55AB1AC5821A002622ED /* Build configuration list for PBXNativeTarget "Snake" */;
			buildPhases = (
				281B55811AC5821A002622ED /* Sources */,
				281B55821AC5821A002622ED /* Frameworks */,
				281B55831AC5821A002622ED /* Resources */,
			);
			buildRules = (
			);
			dependencies = (
			);
			name = Snake;
			productName = Snake;
			productReference = 281B55851AC5821A002622ED /* Snake.app */;
			productType = "com.apple.product-type.application";
		};
		281B55A01AC5821A002622ED /* SnakeTests */ = {
			isa = PBXNativeTarget;
			buildConfigurationList = 281B55AE1AC5821A002622ED /* Build configuration list for PBXNativeTarget "SnakeTests" */;
			buildPhases = (
				281B559D1AC5821A002622ED /* Sources */,
				281B559E1AC5821A002622ED /* Frameworks */,
				281B559F1AC5821A002622ED /* Resources */,
			);
			buildRules = (
			);
			dependencies = (
				281B55A31AC5821A002622ED /* PBXTargetDependency */,
			);
			name = SnakeTests;
			productName = SnakeTests;
			productReference = 281B55A11AC5821A002622ED /* SnakeTests.xctest */;
			productType = "com.apple.product-type.bundle.unit-test";
		};
/* End PBXNativeTarget section */

/* Begin PBXProject section */
		281B557D1AC5821A002622ED /* Project object */ = {
			isa = PBXProject;
			attributes = {
				LastUpgradeCheck = 0620;
				ORGANIZATIONNAME = UnderCaffeine;
				TargetAttributes = {
					281B55841AC5821A002622ED = {
						CreatedOnToolsVersion = 6.2;
						DevelopmentTeam = KZE6652BPQ;
					};
					281B55A01AC5821A002622ED = {
						CreatedOnToolsVersion = 6.2;
						TestTargetID = 281B55841AC5821A002622ED;
					};
				};
			};
			buildConfigurationList = 281B55801AC5821A002622ED /* Build configuration list for PBXProject "Snake" */;
			compatibilityVersion = "Xcode 3.2";
			developmentRegion = English;
			hasScannedForEncodings = 0;
			knownRegions = (
				en,
				Base,
			);
			mainGroup = 281B557C1AC5821A002622ED;
			productRefGroup = 281B55861AC5821A002622ED /* Products */;
			projectDirPath = "";
			projectRoot = "";
			targets = (
				281B55841AC5821A002622ED /* Snake */,
				281B55A01AC5821A002622ED /* SnakeTests */,
			);
		};
/* End PBXProject section */

/* Begin PBXResourcesBuildPhase section */
		281B55831AC5821A002622ED /* Resources */ = {
			isa = PBXResourcesBuildPhase;
			buildActionMask = 2147483647;
			files = (
				281B55971AC5821A002622ED /* Main.storyboard in Resources */,
				281B559C1AC5821A002622ED /* LaunchScreen.xib in Resources */,
				281B55991AC5821A002622ED /* Images.xcassets in Resources */,
			);
			runOnlyForDeploymentPostprocessing = 0;
		};
		281B559F1AC5821A002622ED /* Resources */ = {
			isa = PBXResourcesBuildPhase;
			buildActionMask = 2147483647;
			files = (
			);
			runOnlyForDeploymentPostprocessing = 0;
		};
/* End PBXResourcesBuildPhase section */

/* Begin PBXSourcesBuildPhase section */
		281B55811AC5821A002622ED /* Sources */ = {
			isa = PBXSourcesBuildPhase;
			buildActionMask = 2147483647;
			files = (
				281B55941AC5821A002622ED /* HistoryViewController.m in Sources */,
				281B55B61AC59520002622ED /* ConnectViewController.m in Sources */,
				281B558E1AC5821A002622ED /* AppDelegate.m in Sources */,
				281B55911AC5821A002622ED /* InitialViewController.m in Sources */,
				281B558B1AC5821A002622ED /* main.m in Sources */,
				281B55B91AC59818002622ED /* MCController.m in Sources */,
				281B55B31AC5920A002622ED /* ConfigurationViewController.m in Sources */,
			);
			runOnlyForDeploymentPostprocessing = 0;
		};
		281B559D1AC5821A002622ED /* Sources */ = {
			isa = PBXSourcesBuildPhase;
			buildActionMask = 2147483647;
			files = (
				281B55A81AC5821A002622ED /* SnakeTests.m in Sources */,
			);
			runOnlyForDeploymentPostprocessing = 0;
		};
/* End PBXSourcesBuildPhase section */

/* Begin PBXTargetDependency section */
		281B55A31AC5821A002622ED /* PBXTargetDependency */ = {
			isa = PBXTargetDependency;
			target = 281B55841AC5821A002622ED /* Snake */;
			targetProxy = 281B55A21AC5821A002622ED /* PBXContainerItemProxy */;
		};
/* End PBXTargetDependency section */

/* Begin PBXVariantGroup section */
		281B55951AC5821A002622ED /* Main.storyboard */ = {
			isa = PBXVariantGroup;
			children = (
				281B55961AC5821A002622ED /* Base */,
			);
			name = Main.storyboard;
			sourceTree = "<group>";
		};
		281B559A1AC5821A002622ED /* LaunchScreen.xib */ = {
			isa = PBXVariantGroup;
			children = (
				281B559B1AC5821A002622ED /* Base */,
			);
			name = LaunchScreen.xib;
			sourceTree = "<group>";
		};
/* End PBXVariantGroup section */

/* Begin XCBuildConfiguration section */
		281B55A91AC5821A002622ED /* Debug */ = {
			isa = XCBuildConfiguration;
			buildSettings = {
				ALWAYS_SEARCH_USER_PATHS = NO;
				CLANG_CXX_LANGUAGE_STANDARD = "gnu++0x";
				CLANG_CXX_LIBRARY = "libc++";
				CLANG_ENABLE_MODULES = YES;
				CLANG_ENABLE_OBJC_ARC = YES;
				CLANG_WARN_BOOL_CONVERSION = YES;
				CLANG_WARN_CONSTANT_CONVERSION = YES;
				CLANG_WARN_DIRECT_OBJC_ISA_USAGE = YES_ERROR;
				CLANG_WARN_EMPTY_BODY = YES;
				CLANG_WARN_ENUM_CONVERSION = YES;
				CLANG_WARN_INT_CONVERSION = YES;
				CLANG_WARN_OBJC_ROOT_CLASS = YES_ERROR;
				CLANG_WARN_UNREACHABLE_CODE = YES;
				CLANG_WARN__DUPLICATE_METHOD_MATCH = YES;
				"CODE_SIGN_IDENTITY[sdk=iphoneos*]" = "iPhone Developer";
				COPY_PHASE_STRIP = NO;
				ENABLE_STRICT_OBJC_MSGSEND = YES;
				GCC_C_LANGUAGE_STANDARD = gnu99;
				GCC_DYNAMIC_NO_PIC = NO;
				GCC_OPTIMIZATION_LEVEL = 0;
				GCC_PREPROCESSOR_DEFINITIONS = (
					"DEBUG=1",
					"$(inherited)",
				);
				GCC_SYMBOLS_PRIVATE_EXTERN = NO;
				GCC_WARN_64_TO_32_BIT_CONVERSION = YES;
				GCC_WARN_ABOUT_RETURN_TYPE = YES_ERROR;
				GCC_WARN_UNDECLARED_SELECTOR = YES;
				GCC_WARN_UNINITIALIZED_AUTOS = YES_AGGRESSIVE;
				GCC_WARN_UNUSED_FUNCTION = YES;
				GCC_WARN_UNUSED_VARIABLE = YES;
				IPHONEOS_DEPLOYMENT_TARGET = 8.2;
				MTL_ENABLE_DEBUG_INFO = YES;
				ONLY_ACTIVE_ARCH = YES;
				SDKROOT = iphoneos;
			};
			name = Debug;
		};
		281B55AA1AC5821A002622ED /* Release */ = {
			isa = XCBuildConfiguration;
			buildSettings = {
				ALWAYS_SEARCH_USER_PATHS = NO;
				CLANG_CXX_LANGUAGE_STANDARD = "gnu++0x";
				CLANG_CXX_LIBRARY = "libc++";
				CLANG_ENABLE_MODULES = YES;
				CLANG_ENABLE_OBJC_ARC = YES;
				CLANG_WARN_BOOL_CONVERSION = YES;
				CLANG_WARN_CONSTANT_CONVERSION = YES;
				CLANG_WARN_DIRECT_OBJC_ISA_USAGE = YES_ERROR;
				CLANG_WARN_EMPTY_BODY = YES;
				CLANG_WARN_ENUM_CONVERSION = YES;
				CLANG_WARN_INT_CONVERSION = YES;
				CLANG_WARN_OBJC_ROOT_CLASS = YES_ERROR;
				CLANG_WARN_UNREACHABLE_CODE = YES;
				CLANG_WARN__DUPLICATE_METHOD_MATCH = YES;
				"CODE_SIGN_IDENTITY[sdk=iphoneos*]" = "iPhone Developer";
				COPY_PHASE_STRIP = NO;
				ENABLE_NS_ASSERTIONS = NO;
				ENABLE_STRICT_OBJC_MSGSEND = YES;
				GCC_C_LANGUAGE_STANDARD = gnu99;
				GCC_WARN_64_TO_32_BIT_CONVERSION = YES;
				GCC_WARN_ABOUT_RETURN_TYPE = YES_ERROR;
				GCC_WARN_UNDECLARED_SELECTOR = YES;
				GCC_WARN_UNINITIALIZED_AUTOS = YES_AGGRESSIVE;
				GCC_WARN_UNUSED_FUNCTION = YES;
				GCC_WARN_UNUSED_VARIABLE = YES;
				IPHONEOS_DEPLOYMENT_TARGET = 8.2;
				MTL_ENABLE_DEBUG_INFO = NO;
				SDKROOT = iphoneos;
				VALIDATE_PRODUCT = YES;
			};
			name = Release;
		};
		281B55AC1AC5821A002622ED /* Debug */ = {
			isa = XCBuildConfiguration;
			buildSettings = {
				ASSETCATALOG_COMPILER_APPICON_NAME = AppIcon;
				CODE_SIGN_IDENTITY = "iPhone Developer";
				INFOPLIST_FILE = Snake/Info.plist;
				LD_RUNPATH_SEARCH_PATHS = "$(inherited) @executable_path/Frameworks";
				PRODUCT_NAME = "$(TARGET_NAME)";
			};
			name = Debug;
		};
		281B55AD1AC5821A002622ED /* Release */ = {
			isa = XCBuildConfiguration;
			buildSettings = {
				ASSETCATALOG_COMPILER_APPICON_NAME = AppIcon;
				CODE_SIGN_IDENTITY = "iPhone Developer";
				INFOPLIST_FILE = Snake/Info.plist;
				LD_RUNPATH_SEARCH_PATHS = "$(inherited) @executable_path/Frameworks";
				PRODUCT_NAME = "$(TARGET_NAME)";
			};
			name = Release;
		};
		281B55AF1AC5821A002622ED /* Debug */ = {
			isa = XCBuildConfiguration;
			buildSettings = {
				BUNDLE_LOADER = "$(TEST_HOST)";
				FRAMEWORK_SEARCH_PATHS = (
					"$(SDKROOT)/Developer/Library/Frameworks",
					"$(inherited)",
				);
				GCC_PREPROCESSOR_DEFINITIONS = (
					"DEBUG=1",
					"$(inherited)",
				);
				INFOPLIST_FILE = SnakeTests/Info.plist;
				LD_RUNPATH_SEARCH_PATHS = "$(inherited) @executable_path/Frameworks @loader_path/Frameworks";
				PRODUCT_NAME = "$(TARGET_NAME)";
				TEST_HOST = "$(BUILT_PRODUCTS_DIR)/Snake.app/Snake";
			};
			name = Debug;
		};
		281B55B01AC5821A002622ED /* Release */ = {
			isa = XCBuildConfiguration;
			buildSettings = {
				BUNDLE_LOADER = "$(TEST_HOST)";
				FRAMEWORK_SEARCH_PATHS = (
					"$(SDKROOT)/Developer/Library/Frameworks",
					"$(inherited)",
				);
				INFOPLIST_FILE = SnakeTests/Info.plist;
				LD_RUNPATH_SEARCH_PATHS = "$(inherited) @executable_path/Frameworks @loader_path/Frameworks";
				PRODUCT_NAME = "$(TARGET_NAME)";
				TEST_HOST = "$(BUILT_PRODUCTS_DIR)/Snake.app/Snake";
			};
			name = Release;
		};
/* End XCBuildConfiguration section */

/* Begin XCConfigurationList section */
		281B55801AC5821A002622ED /* Build configuration list for PBXProject "Snake" */ = {
			isa = XCConfigurationList;
			buildConfigurations = (
				281B55A91AC5821A002622ED /* Debug */,
				281B55AA1AC5821A002622ED /* Release */,
			);
			defaultConfigurationIsVisible = 0;
			defaultConfigurationName = Release;
		};
		281B55AB1AC5821A002622ED /* Build configuration list for PBXNativeTarget "Snake" */ = {
			isa = XCConfigurationList;
			buildConfigurations = (
				281B55AC1AC5821A002622ED /* Debug */,
				281B55AD1AC5821A002622ED /* Release */,
			);
			defaultConfigurationIsVisible = 0;
		};
		281B55AE1AC5821A002622ED /* Build configuration list for PBXNativeTarget "SnakeTests" */ = {
			isa = XCConfigurationList;
			buildConfigurations = (
				281B55AF1AC5821A002622ED /* Debug */,
				281B55B01AC5821A002622ED /* Release */,
			);
			defaultConfigurationIsVisible = 0;
		};
/* End XCConfigurationList section */
	};
	rootObject = 281B557D1AC5821A002622ED /* Project object */;
}
